
Microsoft Visual Studio Solution File, Format Version 12.00
# Visual Studio Version 17
VisualStudioVersion = 17.2.32526.322
MinimumVisualStudioVersion = 10.0.40219.1
Project("{FAE04EC0-301F-11D3-BF4B-00C04F79EFBC}") = "ToDoProject", "ToDoProject\ToDoProject.csproj", "{DAEE8256-A350-4C48-9FB7-F78930B08FAF}"
EndProject
Project("{FAE04EC0-301F-11D3-BF4B-00C04F79EFBC}") = "ToDoProject.ViewModels", "ToDoProject.ViewModels\ToDoProject.ViewModels.csproj", "{68F40D90-1CDE-410E-AAFB-303A48BFEB4B}"
EndProject
Project("{FAE04EC0-301F-11D3-BF4B-00C04F79EFBC}") = "ToDoProject.DbModel", "ToDoProject.DbModel\ToDoProject.DbModel.csproj", "{410EBF72-D54F-4C04-B0FD-667D99633DD1}"
EndProject
Project("{FAE04EC0-301F-11D3-BF4B-00C04F79EFBC}") = "ToDoProject.Core", "ToDoProject.Core\ToDoProject.Core.csproj", "{EDCB941F-8CF1-4131-9D80-83EB9467142C}"
EndProject
Project("{FAE04EC0-301F-11D3-BF4B-00C04F79EFBC}") = "ToDoProject.Common", "ToDoProject.Common\ToDoProject.Common.csproj", "{41EE1556-A2CB-47E6-8E1E-9C1EBDA8BBFB}"
EndProject
Global
	GlobalSection(SolutionConfigurationPlatforms) = preSolution
		Debug|Any CPU = Debug|Any CPU
		Release|Any CPU = Release|Any CPU
	EndGlobalSection
	GlobalSection(ProjectConfigurationPlatforms) = postSolution
		{DAEE8256-A350-4C48-9FB7-F78930B08FAF}.Debug|Any CPU.ActiveCfg = Debug|Any CPU
		{DAEE8256-A350-4C48-9FB7-F78930B08FAF}.Debug|Any CPU.Build.0 = Debug|Any CPU
		{DAEE8256-A350-4C48-9FB7-F78930B08FAF}.Release|Any CPU.ActiveCfg = Release|Any CPU
		{DAEE8256-A350-4C48-9FB7-F78930B08FAF}.Release|Any CPU.Build.0 = Release|Any CPU
		{68F40D90-1CDE-410E-AAFB-303A48BFEB4B}.Debug|Any CPU.ActiveCfg = Debug|Any CPU
		{68F40D90-1CDE-410E-AAFB-303A48BFEB4B}.Debug|Any CPU.Build.0 = Debug|Any CPU
		{68F40D90-1CDE-410E-AAFB-303A48BFEB4B}.Release|Any CPU.ActiveCfg = Release|Any CPU
		{68F40D90-1CDE-410E-AAFB-303A48BFEB4B}.Release|Any CPU.Build.0 = Release|Any CPU
		{410EBF72-D54F-4C04-B0FD-667D99633DD1}.Debug|Any CPU.ActiveCfg = Debug|Any CPU
		{410EBF72-D54F-4C04-B0FD-667D99633DD1}.Debug|Any CPU.Build.0 = Debug|Any CPU
		{410EBF72-D54F-4C04-B0FD-667D99633DD1}.Release|Any CPU.ActiveCfg = Release|Any CPU
		{410EBF72-D54F-4C04-B0FD-667D99633DD1}.Release|Any CPU.Build.0 = Release|Any CPU
		{EDCB941F-8CF1-4131-9D80-83EB9467142C}.Debug|Any CPU.ActiveCfg = Debug|Any CPU
		{EDCB941F-8CF1-4131-9D80-83EB9467142C}.Debug|Any CPU.Build.0 = Debug|Any CPU
		{EDCB941F-8CF1-4131-9D80-83EB9467142C}.Release|Any CPU.ActiveCfg = Release|Any CPU
		{EDCB941F-8CF1-4131-9D80-83EB9467142C}.Release|Any CPU.Build.0 = Release|Any CPU
		{41EE1556-A2CB-47E6-8E1E-9C1EBDA8BBFB}.Debug|Any CPU.ActiveCfg = Debug|Any CPU
		{41EE1556-A2CB-47E6-8E1E-9C1EBDA8BBFB}.Debug|Any CPU.Build.0 = Debug|Any CPU
		{41EE1556-A2CB-47E6-8E1E-9C1EBDA8BBFB}.Release|Any CPU.ActiveCfg = Release|Any CPU
		{41EE1556-A2CB-47E6-8E1E-9C1EBDA8BBFB}.Release|Any CPU.Build.0 = Release|Any CPU
	EndGlobalSection
	GlobalSection(SolutionProperties) = preSolution
		HideSolutionNode = FALSE
	EndGlobalSection
	GlobalSection(ExtensibilityGlobals) = postSolution
		SolutionGuid = {42A38970-6CAB-41D1-A8F1-7BC8DAE604C3}
	EndGlobalSection
EndGlobal
